
Microsoft Visual Studio Solution File, Format Version 12.00
# Visual Studio Version 17
VisualStudioVersion = 17.8.34309.116
MinimumVisualStudioVersion = 10.0.40219.1
Project("{FAE04EC0-301F-11D3-BF4B-00C04F79EFBC}") = "QuadraticEquation_Console", "QuadraticEquation_Console.csproj", "{8180387E-43E0-438E-96F8-70CF09B13A2D}"
EndProject
Global
	GlobalSection(SolutionConfigurationPlatforms) = preSolution
		Debug|Any CPU = Debug|Any CPU
		Release|Any CPU = Release|Any CPU
	EndGlobalSection
	GlobalSection(ProjectConfigurationPlatforms) = postSolution
		{8180387E-43E0-438E-96F8-70CF09B13A2D}.Debug|Any CPU.ActiveCfg = Debug|Any CPU
		{8180387E-43E0-438E-96F8-70CF09B13A2D}.Debug|Any CPU.Build.0 = Debug|Any CPU
		{8180387E-43E0-438E-96F8-70CF09B13A2D}.Release|Any CPU.ActiveCfg = Release|Any CPU
		{8180387E-43E0-438E-96F8-70CF09B13A2D}.Release|Any CPU.Build.0 = Release|Any CPU
	EndGlobalSection
	GlobalSection(SolutionProperties) = preSolution
		HideSolutionNode = FALSE
	EndGlobalSection
	GlobalSection(ExtensibilityGlobals) = postSolution
		SolutionGuid = {49CB4808-C14E-4CA3-A9AF-4A6C03536FBC}
	EndGlobalSection
EndGlobal
